// !$*UTF8*$!
{
	archiveVersion = 1;
	classes = {
	};
	objectVersion = 50;
	objects = {

/* Begin PBXBuildFile section */
		63DA86D426BAA81D00B6D21F /* PruebasApp.swift in Sources */ = {isa = PBXBuildFile; fileRef = 63DA86D326BAA81D00B6D21F /* PruebasApp.swift */; };
		63DA86D626BAA81D00B6D21F /* ContentView.swift in Sources */ = {isa = PBXBuildFile; fileRef = 63DA86D526BAA81D00B6D21F /* ContentView.swift */; };
		63DA86D826BAA81E00B6D21F /* Assets.xcassets in Resources */ = {isa = PBXBuildFile; fileRef = 63DA86D726BAA81E00B6D21F /* Assets.xcassets */; };
		63DA86DB26BAA81E00B6D21F /* Preview Assets.xcassets in Resources */ = {isa = PBXBuildFile; fileRef = 63DA86DA26BAA81E00B6D21F /* Preview Assets.xcassets */; };
		63DA86DD26BAA81E00B6D21F /* Persistence.swift in Sources */ = {isa = PBXBuildFile; fileRef = 63DA86DC26BAA81E00B6D21F /* Persistence.swift */; };
		63DA86E026BAA81E00B6D21F /* Pruebas.xcdatamodeld in Sources */ = {isa = PBXBuildFile; fileRef = 63DA86DE26BAA81E00B6D21F /* Pruebas.xcdatamodeld */; };
		63DA86EB26BAA81E00B6D21F /* PruebasTests.swift in Sources */ = {isa = PBXBuildFile; fileRef = 63DA86EA26BAA81E00B6D21F /* PruebasTests.swift */; };
		63DA86F626BAA81E00B6D21F /* PruebasUITests.swift in Sources */ = {isa = PBXBuildFile; fileRef = 63DA86F526BAA81E00B6D21F /* PruebasUITests.swift */; };
/* End PBXBuildFile section */

/* Begin PBXContainerItemProxy section */
		63DA86E726BAA81E00B6D21F /* PBXContainerItemProxy */ = {
			isa = PBXContainerItemProxy;
			containerPortal = 63DA86C826BAA81D00B6D21F /* Project object */;
			proxyType = 1;
			remoteGlobalIDString = 63DA86CF26BAA81D00B6D21F;
			remoteInfo = Pruebas;
		};
		63DA86F226BAA81E00B6D21F /* PBXContainerItemProxy */ = {
			isa = PBXContainerItemProxy;
			containerPortal = 63DA86C826BAA81D00B6D21F /* Project object */;
			proxyType = 1;
			remoteGlobalIDString = 63DA86CF26BAA81D00B6D21F;
			remoteInfo = Pruebas;
		};
/* End PBXContainerItemProxy section */

/* Begin PBXFileReference section */
		63DA86D026BAA81D00B6D21F /* Pruebas.app */ = {isa = PBXFileReference; explicitFileType = wrapper.application; includeInIndex = 0; path = Pruebas.app; sourceTree = BUILT_PRODUCTS_DIR; };
		63DA86D326BAA81D00B6D21F /* PruebasApp.swift */ = {isa = PBXFileReference; lastKnownFileType = sourcecode.swift; path = PruebasApp.swift; sourceTree = "<group>"; };
		63DA86D526BAA81D00B6D21F /* ContentView.swift */ = {isa = PBXFileReference; lastKnownFileType = sourcecode.swift; path = ContentView.swift; sourceTree = "<group>"; };
		63DA86D726BAA81E00B6D21F /* Assets.xcassets */ = {isa = PBXFileReference; lastKnownFileType = folder.assetcatalog; path = Assets.xcassets; sourceTree = "<group>"; };
		63DA86DA26BAA81E00B6D21F /* Preview Assets.xcassets */ = {isa = PBXFileReference; lastKnownFileType = folder.assetcatalog; path = "Preview Assets.xcassets"; sourceTree = "<group>"; };
		63DA86DC26BAA81E00B6D21F /* Persistence.swift */ = {isa = PBXFileReference; lastKnownFileType = sourcecode.swift; path = Persistence.swift; sourceTree = "<group>"; };
		63DA86DF26BAA81E00B6D21F /* Pruebas.xcdatamodel */ = {isa = PBXFileReference; lastKnownFileType = wrapper.xcdatamodel; path = Pruebas.xcdatamodel; sourceTree = "<group>"; };
		63DA86E126BAA81E00B6D21F /* Info.plist */ = {isa = PBXFileReference; lastKnownFileType = text.plist.xml; path = Info.plist; sourceTree = "<group>"; };
		63DA86E626BAA81E00B6D21F /* PruebasTests.xctest */ = {isa = PBXFileReference; explicitFileType = wrapper.cfbundle; includeInIndex = 0; path = PruebasTests.xctest; sourceTree = BUILT_PRODUCTS_DIR; };
		63DA86EA26BAA81E00B6D21F /* PruebasTests.swift */ = {isa = PBXFileReference; lastKnownFileType = sourcecode.swift; path = PruebasTests.swift; sourceTree = "<group>"; };
		63DA86EC26BAA81E00B6D21F /* Info.plist */ = {isa = PBXFileReference; lastKnownFileType = text.plist.xml; path = Info.plist; sourceTree = "<group>"; };
		63DA86F126BAA81E00B6D21F /* PruebasUITests.xctest */ = {isa = PBXFileReference; explicitFileType = wrapper.cfbundle; includeInIndex = 0; path = PruebasUITests.xctest; sourceTree = BUILT_PRODUCTS_DIR; };
		63DA86F526BAA81E00B6D21F /* PruebasUITests.swift */ = {isa = PBXFileReference; lastKnownFileType = sourcecode.swift; path = PruebasUITests.swift; sourceTree = "<group>"; };
		63DA86F726BAA81E00B6D21F /* Info.plist */ = {isa = PBXFileReference; lastKnownFileType = text.plist.xml; path = Info.plist; sourceTree = "<group>"; };
/* End PBXFileReference section */

/* Begin PBXFrameworksBuildPhase section */
		63DA86CD26BAA81D00B6D21F /* Frameworks */ = {
			isa = PBXFrameworksBuildPhase;
			buildActionMask = 2147483647;
			files = (
			);
			runOnlyForDeploymentPostprocessing = 0;
		};
		63DA86E326BAA81E00B6D21F /* Frameworks */ = {
			isa = PBXFrameworksBuildPhase;
			buildActionMask = 2147483647;
			files = (
			);
			runOnlyForDeploymentPostprocessing = 0;
		};
		63DA86EE26BAA81E00B6D21F /* Frameworks */ = {
			isa = PBXFrameworksBuildPhase;
			buildActionMask = 2147483647;
			files = (
			);
			runOnlyForDeploymentPostprocessing = 0;
		};
/* End PBXFrameworksBuildPhase section */

/* Begin PBXGroup section */
		63DA86C726BAA81D00B6D21F = {
			isa = PBXGroup;
			children = (
				63DA86D226BAA81D00B6D21F /* Pruebas */,
				63DA86E926BAA81E00B6D21F /* PruebasTests */,
				63DA86F426BAA81E00B6D21F /* PruebasUITests */,
				63DA86D126BAA81D00B6D21F /* Products */,
			);
			sourceTree = "<group>";
		};
		63DA86D126BAA81D00B6D21F /* Products */ = {
			isa = PBXGroup;
			children = (
				63DA86D026BAA81D00B6D21F /* Pruebas.app */,
				63DA86E626BAA81E00B6D21F /* PruebasTests.xctest */,
				63DA86F126BAA81E00B6D21F /* PruebasUITests.xctest */,
			);
			name = Products;
			sourceTree = "<group>";
		};
		63DA86D226BAA81D00B6D21F /* Pruebas */ = {
			isa = PBXGroup;
			children = (
				63DA86D326BAA81D00B6D21F /* PruebasApp.swift */,
				63DA86D526BAA81D00B6D21F /* ContentView.swift */,
				63DA86D726BAA81E00B6D21F /* Assets.xcassets */,
				63DA86DC26BAA81E00B6D21F /* Persistence.swift */,
				63DA86E126BAA81E00B6D21F /* Info.plist */,
				63DA86DE26BAA81E00B6D21F /* Pruebas.xcdatamodeld */,
				63DA86D926BAA81E00B6D21F /* Preview Content */,
			);
			path = Pruebas;
			sourceTree = "<group>";
		};
		63DA86D926BAA81E00B6D21F /* Preview Content */ = {
			isa = PBXGroup;
			children = (
				63DA86DA26BAA81E00B6D21F /* Preview Assets.xcassets */,
			);
			path = "Preview Content";
			sourceTree = "<group>";
		};
		63DA86E926BAA81E00B6D21F /* PruebasTests */ = {
			isa = PBXGroup;
			children = (
				63DA86EA26BAA81E00B6D21F /* PruebasTests.swift */,
				63DA86EC26BAA81E00B6D21F /* Info.plist */,
			);
			path = PruebasTests;
			sourceTree = "<group>";
		};
		63DA86F426BAA81E00B6D21F /* PruebasUITests */ = {
			isa = PBXGroup;
			children = (
				63DA86F526BAA81E00B6D21F /* PruebasUITests.swift */,
				63DA86F726BAA81E00B6D21F /* Info.plist */,
			);
			path = PruebasUITests;
			sourceTree = "<group>";
		};
/* End PBXGroup section */

/* Begin PBXNativeTarget section */
		63DA86CF26BAA81D00B6D21F /* Pruebas */ = {
			isa = PBXNativeTarget;
			buildConfigurationList = 63DA86FA26BAA81E00B6D21F /* Build configuration list for PBXNativeTarget "Pruebas" */;
			buildPhases = (
				63DA86CC26BAA81D00B6D21F /* Sources */,
				63DA86CD26BAA81D00B6D21F /* Frameworks */,
				63DA86CE26BAA81D00B6D21F /* Resources */,
			);
			buildRules = (
			);
			dependencies = (
			);
			name = Pruebas;
			productName = Pruebas;
			productReference = 63DA86D026BAA81D00B6D21F /* Pruebas.app */;
			productType = "com.apple.product-type.application";
		};
		63DA86E526BAA81E00B6D21F /* PruebasTests */ = {
			isa = PBXNativeTarget;
			buildConfigurationList = 63DA86FD26BAA81E00B6D21F /* Build configuration list for PBXNativeTarget "PruebasTests" */;
			buildPhases = (
				63DA86E226BAA81E00B6D21F /* Sources */,
				63DA86E326BAA81E00B6D21F /* Frameworks */,
				63DA86E426BAA81E00B6D21F /* Resources */,
			);
			buildRules = (
			);
			dependencies = (
				63DA86E826BAA81E00B6D21F /* PBXTargetDependency */,
			);
			name = PruebasTests;
			productName = PruebasTests;
			productReference = 63DA86E626BAA81E00B6D21F /* PruebasTests.xctest */;
			productType = "com.apple.product-type.bundle.unit-test";
		};
		63DA86F026BAA81E00B6D21F /* PruebasUITests */ = {
			isa = PBXNativeTarget;
			buildConfigurationList = 63DA870026BAA81E00B6D21F /* Build configuration list for PBXNativeTarget "PruebasUITests" */;
			buildPhases = (
				63DA86ED26BAA81E00B6D21F /* Sources */,
				63DA86EE26BAA81E00B6D21F /* Frameworks */,
				63DA86EF26BAA81E00B6D21F /* Resources */,
			);
			buildRules = (
			);
			dependencies = (
				63DA86F326BAA81E00B6D21F /* PBXTargetDependency */,
			);
			name = PruebasUITests;
			productName = PruebasUITests;
			productReference = 63DA86F126BAA81E00B6D21F /* PruebasUITests.xctest */;
			productType = "com.apple.product-type.bundle.ui-testing";
		};
/* End PBXNativeTarget section */

/* Begin PBXProject section */
		63DA86C826BAA81D00B6D21F /* Project object */ = {
			isa = PBXProject;
			attributes = {
				LastSwiftUpdateCheck = 1250;
				LastUpgradeCheck = 1250;
				TargetAttributes = {
					63DA86CF26BAA81D00B6D21F = {
						CreatedOnToolsVersion = 12.5;
					};
					63DA86E526BAA81E00B6D21F = {
						CreatedOnToolsVersion = 12.5;
						TestTargetID = 63DA86CF26BAA81D00B6D21F;
					};
					63DA86F026BAA81E00B6D21F = {
						CreatedOnToolsVersion = 12.5;
						TestTargetID = 63DA86CF26BAA81D00B6D21F;
					};
				};
			};
			buildConfigurationList = 63DA86CB26BAA81D00B6D21F /* Build configuration list for PBXProject "Pruebas" */;
			compatibilityVersion = "Xcode 9.3";
			developmentRegion = en;
			hasScannedForEncodings = 0;
			knownRegions = (
				en,
				Base,
			);
			mainGroup = 63DA86C726BAA81D00B6D21F;
			productRefGroup = 63DA86D126BAA81D00B6D21F /* Products */;
			projectDirPath = "";
			projectRoot = "";
			targets = (
				63DA86CF26BAA81D00B6D21F /* Pruebas */,
				63DA86E526BAA81E00B6D21F /* PruebasTests */,
				63DA86F026BAA81E00B6D21F /* PruebasUITests */,
			);
		};
/* End PBXProject section */

/* Begin PBXResourcesBuildPhase section */
		63DA86CE26BAA81D00B6D21F /* Resources */ = {
			isa = PBXResourcesBuildPhase;
			buildActionMask = 2147483647;
			files = (
				63DA86DB26BAA81E00B6D21F /* Preview Assets.xcassets in Resources */,
				63DA86D826BAA81E00B6D21F /* Assets.xcassets in Resources */,
			);
			runOnlyForDeploymentPostprocessing = 0;
		};
		63DA86E426BAA81E00B6D21F /* Resources */ = {
			isa = PBXResourcesBuildPhase;
			buildActionMask = 2147483647;
			files = (
			);
			runOnlyForDeploymentPostprocessing = 0;
		};
		63DA86EF26BAA81E00B6D21F /* Resources */ = {
			isa = PBXResourcesBuildPhase;
			buildActionMask = 2147483647;
			files = (
			);
			runOnlyForDeploymentPostprocessing = 0;
		};
/* End PBXResourcesBuildPhase section */

/* Begin PBXSourcesBuildPhase section */
		63DA86CC26BAA81D00B6D21F /* Sources */ = {
			isa = PBXSourcesBuildPhase;
			buildActionMask = 2147483647;
			files = (
				63DA86DD26BAA81E00B6D21F /* Persistence.swift in Sources */,
				63DA86D626BAA81D00B6D21F /* ContentView.swift in Sources */,
				63DA86E026BAA81E00B6D21F /* Pruebas.xcdatamodeld in Sources */,
				63DA86D426BAA81D00B6D21F /* PruebasApp.swift in Sources */,
			);
			runOnlyForDeploymentPostprocessing = 0;
		};
		63DA86E226BAA81E00B6D21F /* Sources */ = {
			isa = PBXSourcesBuildPhase;
			buildActionMask = 2147483647;
			files = (
				63DA86EB26BAA81E00B6D21F /* PruebasTests.swift in Sources */,
			);
			runOnlyForDeploymentPostprocessing = 0;
		};
		63DA86ED26BAA81E00B6D21F /* Sources */ = {
			isa = PBXSourcesBuildPhase;
			buildActionMask = 2147483647;
			files = (
				63DA86F626BAA81E00B6D21F /* PruebasUITests.swift in Sources */,
			);
			runOnlyForDeploymentPostprocessing = 0;
		};
/* End PBXSourcesBuildPhase section */

/* Begin PBXTargetDependency section */
		63DA86E826BAA81E00B6D21F /* PBXTargetDependency */ = {
			isa = PBXTargetDependency;
			target = 63DA86CF26BAA81D00B6D21F /* Pruebas */;
			targetProxy = 63DA86E726BAA81E00B6D21F /* PBXContainerItemProxy */;
		};
		63DA86F326BAA81E00B6D21F /* PBXTargetDependency */ = {
			isa = PBXTargetDependency;
			target = 63DA86CF26BAA81D00B6D21F /* Pruebas */;
			targetProxy = 63DA86F226BAA81E00B6D21F /* PBXContainerItemProxy */;
		};
/* End PBXTargetDependency section */

/* Begin XCBuildConfiguration section */
		63DA86F826BAA81E00B6D21F /* Debug */ = {
			isa = XCBuildConfiguration;
			buildSettings = {
				ALWAYS_SEARCH_USER_PATHS = NO;
				CLANG_ANALYZER_NONNULL = YES;
				CLANG_ANALYZER_NUMBER_OBJECT_CONVERSION = YES_AGGRESSIVE;
				CLANG_CXX_LANGUAGE_STANDARD = "gnu++14";
				CLANG_CXX_LIBRARY = "libc++";
				CLANG_ENABLE_MODULES = YES;
				CLANG_ENABLE_OBJC_ARC = YES;
				CLANG_ENABLE_OBJC_WEAK = YES;
				CLANG_WARN_BLOCK_CAPTURE_AUTORELEASING = YES;
				CLANG_WARN_BOOL_CONVERSION = YES;
				CLANG_WARN_COMMA = YES;
				CLANG_WARN_CONSTANT_CONVERSION = YES;
				CLANG_WARN_DEPRECATED_OBJC_IMPLEMENTATIONS = YES;
				CLANG_WARN_DIRECT_OBJC_ISA_USAGE = YES_ERROR;
				CLANG_WARN_DOCUMENTATION_COMMENTS = YES;
				CLANG_WARN_EMPTY_BODY = YES;
				CLANG_WARN_ENUM_CONVERSION = YES;
				CLANG_WARN_INFINITE_RECURSION = YES;
				CLANG_WARN_INT_CONVERSION = YES;
				CLANG_WARN_NON_LITERAL_NULL_CONVERSION = YES;
				CLANG_WARN_OBJC_IMPLICIT_RETAIN_SELF = YES;
				CLANG_WARN_OBJC_LITERAL_CONVERSION = YES;
				CLANG_WARN_OBJC_ROOT_CLASS = YES_ERROR;
				CLANG_WARN_QUOTED_INCLUDE_IN_FRAMEWORK_HEADER = YES;
				CLANG_WARN_RANGE_LOOP_ANALYSIS = YES;
				CLANG_WARN_STRICT_PROTOTYPES = YES;
				CLANG_WARN_SUSPICIOUS_MOVE = YES;
				CLANG_WARN_UNGUARDED_AVAILABILITY = YES_AGGRESSIVE;
				CLANG_WARN_UNREACHABLE_CODE = YES;
				CLANG_WARN__DUPLICATE_METHOD_MATCH = YES;
				COPY_PHASE_STRIP = NO;
				DEBUG_INFORMATION_FORMAT = dwarf;
				ENABLE_STRICT_OBJC_MSGSEND = YES;
				ENABLE_TESTABILITY = YES;
				GCC_C_LANGUAGE_STANDARD = gnu11;
				GCC_DYNAMIC_NO_PIC = NO;
				GCC_NO_COMMON_BLOCKS = YES;
				GCC_OPTIMIZATION_LEVEL = 0;
				GCC_PREPROCESSOR_DEFINITIONS = (
					"DEBUG=1",
					"$(inherited)",
				);
				GCC_WARN_64_TO_32_BIT_CONVERSION = YES;
				GCC_WARN_ABOUT_RETURN_TYPE = YES_ERROR;
				GCC_WARN_UNDECLARED_SELECTOR = YES;
				GCC_WARN_UNINITIALIZED_AUTOS = YES_AGGRESSIVE;
				GCC_WARN_UNUSED_FUNCTION = YES;
				GCC_WARN_UNUSED_VARIABLE = YES;
				IPHONEOS_DEPLOYMENT_TARGET = 14.5;
				MTL_ENABLE_DEBUG_INFO = INCLUDE_SOURCE;
				MTL_FAST_MATH = YES;
				ONLY_ACTIVE_ARCH = YES;
				SDKROOT = iphoneos;
				SWIFT_ACTIVE_COMPILATION_CONDITIONS = DEBUG;
				SWIFT_OPTIMIZATION_LEVEL = "-Onone";
			};
			name = Debug;
		};
		63DA86F926BAA81E00B6D21F /* Release */ = {
			isa = XCBuildConfiguration;
			buildSettings = {
				ALWAYS_SEARCH_USER_PATHS = NO;
				CLANG_ANALYZER_NONNULL = YES;
				CLANG_ANALYZER_NUMBER_OBJECT_CONVERSION = YES_AGGRESSIVE;
				CLANG_CXX_LANGUAGE_STANDARD = "gnu++14";
				CLANG_CXX_LIBRARY = "libc++";
				CLANG_ENABLE_MODULES = YES;
				CLANG_ENABLE_OBJC_ARC = YES;
				CLANG_ENABLE_OBJC_WEAK = YES;
				CLANG_WARN_BLOCK_CAPTURE_AUTORELEASING = YES;
				CLANG_WARN_BOOL_CONVERSION = YES;
				CLANG_WARN_COMMA = YES;
				CLANG_WARN_CONSTANT_CONVERSION = YES;
				CLANG_WARN_DEPRECATED_OBJC_IMPLEMENTATIONS = YES;
				CLANG_WARN_DIRECT_OBJC_ISA_USAGE = YES_ERROR;
				CLANG_WARN_DOCUMENTATION_COMMENTS = YES;
				CLANG_WARN_EMPTY_BODY = YES;
				CLANG_WARN_ENUM_CONVERSION = YES;
				CLANG_WARN_INFINITE_RECURSION = YES;
				CLANG_WARN_INT_CONVERSION = YES;
				CLANG_WARN_NON_LITERAL_NULL_CONVERSION = YES;
				CLANG_WARN_OBJC_IMPLICIT_RETAIN_SELF = YES;
				CLANG_WARN_OBJC_LITERAL_CONVERSION = YES;
				CLANG_WARN_OBJC_ROOT_CLASS = YES_ERROR;
				CLANG_WARN_QUOTED_INCLUDE_IN_FRAMEWORK_HEADER = YES;
				CLANG_WARN_RANGE_LOOP_ANALYSIS = YES;
				CLANG_WARN_STRICT_PROTOTYPES = YES;
				CLANG_WARN_SUSPICIOUS_MOVE = YES;
				CLANG_WARN_UNGUARDED_AVAILABILITY = YES_AGGRESSIVE;
				CLANG_WARN_UNREACHABLE_CODE = YES;
				CLANG_WARN__DUPLICATE_METHOD_MATCH = YES;
				COPY_PHASE_STRIP = NO;
				DEBUG_INFORMATION_FORMAT = "dwarf-with-dsym";
				ENABLE_NS_ASSERTIONS = NO;
				ENABLE_STRICT_OBJC_MSGSEND = YES;
				GCC_C_LANGUAGE_STANDARD = gnu11;
				GCC_NO_COMMON_BLOCKS = YES;
				GCC_WARN_64_TO_32_BIT_CONVERSION = YES;
				GCC_WARN_ABOUT_RETURN_TYPE = YES_ERROR;
				GCC_WARN_UNDECLARED_SELECTOR = YES;
				GCC_WARN_UNINITIALIZED_AUTOS = YES_AGGRESSIVE;
				GCC_WARN_UNUSED_FUNCTION = YES;
				GCC_WARN_UNUSED_VARIABLE = YES;
				IPHONEOS_DEPLOYMENT_TARGET = 14.5;
				MTL_ENABLE_DEBUG_INFO = NO;
				MTL_FAST_MATH = YES;
				SDKROOT = iphoneos;
				SWIFT_COMPILATION_MODE = wholemodule;
				SWIFT_OPTIMIZATION_LEVEL = "-O";
				VALIDATE_PRODUCT = YES;
			};
			name = Release;
		};
		63DA86FB26BAA81E00B6D21F /* Debug */ = {
			isa = XCBuildConfiguration;
			buildSettings = {
				ASSETCATALOG_COMPILER_APPICON_NAME = AppIcon;
				ASSETCATALOG_COMPILER_GLOBAL_ACCENT_COLOR_NAME = AccentColor;
				CODE_SIGN_STYLE = Automatic;
				DEVELOPMENT_ASSET_PATHS = "\"Pruebas/Preview Content\"";
				DEVELOPMENT_TEAM = 5Y9TY9M8N6;
				ENABLE_PREVIEWS = YES;
				INFOPLIST_FILE = Pruebas/Info.plist;
				IPHONEOS_DEPLOYMENT_TARGET = 14.0;
				LD_RUNPATH_SEARCH_PATHS = (
					"$(inherited)",
					"@executable_path/Frameworks",
				);
				PRODUCT_BUNDLE_IDENTIFIER = davidtejedor.Pruebas;
				PRODUCT_NAME = "$(TARGET_NAME)";
				SWIFT_VERSION = 5.0;
				TARGETED_DEVICE_FAMILY = "1,2";
			};
			name = Debug;
		};
		63DA86FC26BAA81E00B6D21F /* Release */ = {
			isa = XCBuildConfiguration;
			buildSettings = {
				ASSETCATALOG_COMPILER_APPICON_NAME = AppIcon;
				ASSETCATALOG_COMPILER_GLOBAL_ACCENT_COLOR_NAME = AccentColor;
				CODE_SIGN_STYLE = Automatic;
				DEVELOPMENT_ASSET_PATHS = "\"Pruebas/Preview Content\"";
				DEVELOPMENT_TEAM = 5Y9TY9M8N6;
				ENABLE_PREVIEWS = YES;
				INFOPLIST_FILE = Pruebas/Info.plist;
				IPHONEOS_DEPLOYMENT_TARGET = 14.0;
				LD_RUNPATH_SEARCH_PATHS = (
					"$(inherited)",
					"@executable_path/Frameworks",
				);
				PRODUCT_BUNDLE_IDENTIFIER = davidtejedor.Pruebas;
				PRODUCT_NAME = "$(TARGET_NAME)";
				SWIFT_VERSION = 5.0;
				TARGETED_DEVICE_FAMILY = "1,2";
			};
			name = Release;
		};
		63DA86FE26BAA81E00B6D21F /* Debug */ = {
			isa = XCBuildConfiguration;
			buildSettings = {
				ALWAYS_EMBED_SWIFT_STANDARD_LIBRARIES = YES;
				BUNDLE_LOADER = "$(TEST_HOST)";
				CODE_SIGN_STYLE = Automatic;
				DEVELOPMENT_TEAM = 5Y9TY9M8N6;
				INFOPLIST_FILE = PruebasTests/Info.plist;
				IPHONEOS_DEPLOYMENT_TARGET = 14.0;
				LD_RUNPATH_SEARCH_PATHS = (
					"$(inherited)",
					"@executable_path/Frameworks",
					"@loader_path/Frameworks",
				);
				PRODUCT_BUNDLE_IDENTIFIER = davidtejedor.PruebasTests;
				PRODUCT_NAME = "$(TARGET_NAME)";
				SWIFT_VERSION = 5.0;
				TARGETED_DEVICE_FAMILY = "1,2";
				TEST_HOST = "$(BUILT_PRODUCTS_DIR)/Pruebas.app/Pruebas";
			};
			name = Debug;
		};
		63DA86FF26BAA81E00B6D21F /* Release */ = {
			isa = XCBuildConfiguration;
			buildSettings = {
				ALWAYS_EMBED_SWIFT_STANDARD_LIBRARIES = YES;
				BUNDLE_LOADER = "$(TEST_HOST)";
				CODE_SIGN_STYLE = Automatic;
				DEVELOPMENT_TEAM = 5Y9TY9M8N6;
				INFOPLIST_FILE = PruebasTests/Info.plist;
				IPHONEOS_DEPLOYMENT_TARGET = 14.0;
				LD_RUNPATH_SEARCH_PATHS = (
					"$(inherited)",
					"@executable_path/Frameworks",
					"@loader_path/Frameworks",
				);
				PRODUCT_BUNDLE_IDENTIFIER = davidtejedor.PruebasTests;
				PRODUCT_NAME = "$(TARGET_NAME)";
				SWIFT_VERSION = 5.0;
				TARGETED_DEVICE_FAMILY = "1,2";
				TEST_HOST = "$(BUILT_PRODUCTS_DIR)/Pruebas.app/Pruebas";
			};
			name = Release;
		};
		63DA870126BAA81E00B6D21F /* Debug */ = {
			isa = XCBuildConfiguration;
			buildSettings = {
				ALWAYS_EMBED_SWIFT_STANDARD_LIBRARIES = YES;
				CODE_SIGN_STYLE = Automatic;
				DEVELOPMENT_TEAM = 5Y9TY9M8N6;
				INFOPLIST_FILE = PruebasUITests/Info.plist;
				LD_RUNPATH_SEARCH_PATHS = (
					"$(inherited)",
					"@executable_path/Frameworks",
					"@loader_path/Frameworks",
				);
				PRODUCT_BUNDLE_IDENTIFIER = davidtejedor.PruebasUITests;
				PRODUCT_NAME = "$(TARGET_NAME)";
				SWIFT_VERSION = 5.0;
				TARGETED_DEVICE_FAMILY = "1,2";
				TEST_TARGET_NAME = Pruebas;
			};
			name = Debug;
		};
		63DA870226BAA81E00B6D21F /* Release */ = {
			isa = XCBuildConfiguration;
			buildSettings = {
				ALWAYS_EMBED_SWIFT_STANDARD_LIBRARIES = YES;
				CODE_SIGN_STYLE = Automatic;
				DEVELOPMENT_TEAM = 5Y9TY9M8N6;
				INFOPLIST_FILE = PruebasUITests/Info.plist;
				LD_RUNPATH_SEARCH_PATHS = (
					"$(inherited)",
					"@executable_path/Frameworks",
					"@loader_path/Frameworks",
				);
				PRODUCT_BUNDLE_IDENTIFIER = davidtejedor.PruebasUITests;
				PRODUCT_NAME = "$(TARGET_NAME)";
				SWIFT_VERSION = 5.0;
				TARGETED_DEVICE_FAMILY = "1,2";
				TEST_TARGET_NAME = Pruebas;
			};
			name = Release;
		};
/* End XCBuildConfiguration section */

/* Begin XCConfigurationList section */
		63DA86CB26BAA81D00B6D21F /* Build configuration list for PBXProject "Pruebas" */ = {
			isa = XCConfigurationList;
			buildConfigurations = (
				63DA86F826BAA81E00B6D21F /* Debug */,
				63DA86F926BAA81E00B6D21F /* Release */,
			);
			defaultConfigurationIsVisible = 0;
			defaultConfigurationName = Release;
		};
		63DA86FA26BAA81E00B6D21F /* Build configuration list for PBXNativeTarget "Pruebas" */ = {
			isa = XCConfigurationList;
			buildConfigurations = (
				63DA86FB26BAA81E00B6D21F /* Debug */,
				63DA86FC26BAA81E00B6D21F /* Release */,
			);
			defaultConfigurationIsVisible = 0;
			defaultConfigurationName = Release;
		};
		63DA86FD26BAA81E00B6D21F /* Build configuration list for PBXNativeTarget "PruebasTests" */ = {
			isa = XCConfigurationList;
			buildConfigurations = (
				63DA86FE26BAA81E00B6D21F /* Debug */,
				63DA86FF26BAA81E00B6D21F /* Release */,
			);
			defaultConfigurationIsVisible = 0;
			defaultConfigurationName = Release;
		};
		63DA870026BAA81E00B6D21F /* Build configuration list for PBXNativeTarget "PruebasUITests" */ = {
			isa = XCConfigurationList;
			buildConfigurations = (
				63DA870126BAA81E00B6D21F /* Debug */,
				63DA870226BAA81E00B6D21F /* Release */,
			);
			defaultConfigurationIsVisible = 0;
			defaultConfigurationName = Release;
		};
/* End XCConfigurationList section */

/* Begin XCVersionGroup section */
		63DA86DE26BAA81E00B6D21F /* Pruebas.xcdatamodeld */ = {
			isa = XCVersionGroup;
			children = (
				63DA86DF26BAA81E00B6D21F /* Pruebas.xcdatamodel */,
			);
			currentVersion = 63DA86DF26BAA81E00B6D21F /* Pruebas.xcdatamodel */;
			path = Pruebas.xcdatamodeld;
			sourceTree = "<group>";
			versionGroupType = wrapper.xcdatamodel;
		};
/* End XCVersionGroup section */
	};
	rootObject = 63DA86C826BAA81D00B6D21F /* Project object */;
}
